
Microsoft Visual Studio Solution File, Format Version 9.00
# Visual Studio 2005
Project("{F184B08F-C81C-45F6-A57F-5ABD9991F28F}") = "chap16", "chap16\chap16.vbproj", "{AD6BF4E6-E27A-4DFF-9488-09B95FBDA285}"
EndProject
Global
	GlobalSection(SolutionConfigurationPlatforms) = preSolution
		Debug|Any CPU = Debug|Any CPU
		Release|Any CPU = Release|Any CPU
	EndGlobalSection
	GlobalSection(ProjectConfigurationPlatforms) = postSolution
		{AD6BF4E6-E27A-4DFF-9488-09B95FBDA285}.Debug|Any CPU.ActiveCfg = Debug|Any CPU
		{AD6BF4E6-E27A-4DFF-9488-09B95FBDA285}.Debug|Any CPU.Build.0 = Debug|Any CPU
		{AD6BF4E6-E27A-4DFF-9488-09B95FBDA285}.Release|Any CPU.ActiveCfg = Release|Any CPU
		{AD6BF4E6-E27A-4DFF-9488-09B95FBDA285}.Release|Any CPU.Build.0 = Release|Any CPU
	EndGlobalSection
	GlobalSection(SolutionProperties) = preSolution
		HideSolutionNode = FALSE
	EndGlobalSection
EndGlobal
