
Microsoft Visual Studio Solution File, Format Version 9.00
# Visual Studio 2005
Project("{FAE04EC0-301F-11D3-BF4B-00C04F79EFBC}") = "chap21", "chap21\chap21.csproj", "{E7CD4C37-01A8-4C53-A40B-7CD750095711}"
EndProject
Global
	GlobalSection(SolutionConfigurationPlatforms) = preSolution
		Debug|Any CPU = Debug|Any CPU
		Release|Any CPU = Release|Any CPU
	EndGlobalSection
	GlobalSection(ProjectConfigurationPlatforms) = postSolution
		{E7CD4C37-01A8-4C53-A40B-7CD750095711}.Debug|Any CPU.ActiveCfg = Debug|Any CPU
		{E7CD4C37-01A8-4C53-A40B-7CD750095711}.Debug|Any CPU.Build.0 = Debug|Any CPU
		{E7CD4C37-01A8-4C53-A40B-7CD750095711}.Release|Any CPU.ActiveCfg = Release|Any CPU
		{E7CD4C37-01A8-4C53-A40B-7CD750095711}.Release|Any CPU.Build.0 = Release|Any CPU
	EndGlobalSection
	GlobalSection(SolutionProperties) = preSolution
		HideSolutionNode = FALSE
	EndGlobalSection
EndGlobal
